// !$*UTF8*$!
{
	archiveVersion = 1;
	classes = {
	};
	objectVersion = 51;
	objects = {

/* Begin PBXBuildFile section */
		2D22AA0426C01CEA00A8C89D /* AppDelegate.swift in Sources */ = {isa = PBXBuildFile; fileRef = 2D22AA0326C01CEA00A8C89D /* AppDelegate.swift */; };
		2D22AA0626C01CEA00A8C89D /* SceneDelegate.swift in Sources */ = {isa = PBXBuildFile; fileRef = 2D22AA0526C01CEA00A8C89D /* SceneDelegate.swift */; };
		2D22AA0826C01CEA00A8C89D /* HomeViewController.swift in Sources */ = {isa = PBXBuildFile; fileRef = 2D22AA0726C01CEA00A8C89D /* HomeViewController.swift */; };
		2D22AA0B26C01CEA00A8C89D /* Main.storyboard in Resources */ = {isa = PBXBuildFile; fileRef = 2D22AA0926C01CEA00A8C89D /* Main.storyboard */; };
		2D22AA0D26C01CF300A8C89D /* Assets.xcassets in Resources */ = {isa = PBXBuildFile; fileRef = 2D22AA0C26C01CF300A8C89D /* Assets.xcassets */; };
		2D22AA1026C01CF300A8C89D /* LaunchScreen.storyboard in Resources */ = {isa = PBXBuildFile; fileRef = 2D22AA0E26C01CF300A8C89D /* LaunchScreen.storyboard */; };
		2D22AA1E26C01DFA00A8C89D /* ExploreViewController.swift in Sources */ = {isa = PBXBuildFile; fileRef = 2D22AA1D26C01DFA00A8C89D /* ExploreViewController.swift */; };
		2D22AA2026C01E1700A8C89D /* CameraViewController.swift in Sources */ = {isa = PBXBuildFile; fileRef = 2D22AA1F26C01E1700A8C89D /* CameraViewController.swift */; };
		2D22AA2226C01E3000A8C89D /* NotificationsViewController.swift in Sources */ = {isa = PBXBuildFile; fileRef = 2D22AA2126C01E3000A8C89D /* NotificationsViewController.swift */; };
		2D22AA2426C01E4300A8C89D /* ProfileViewController.swift in Sources */ = {isa = PBXBuildFile; fileRef = 2D22AA2326C01E4300A8C89D /* ProfileViewController.swift */; };
		2D22AA2926C01ED500A8C89D /* LoginViewController.swift in Sources */ = {isa = PBXBuildFile; fileRef = 2D22AA2826C01ED500A8C89D /* LoginViewController.swift */; };
		2D22AA2B26C01EE000A8C89D /* RegistratonViewController.swift in Sources */ = {isa = PBXBuildFile; fileRef = 2D22AA2A26C01EE000A8C89D /* RegistratonViewController.swift */; };
		2D22AA2F26C021D300A8C89D /* EditProfileViewController.swift in Sources */ = {isa = PBXBuildFile; fileRef = 2D22AA2E26C021D300A8C89D /* EditProfileViewController.swift */; };
		2D22AA3126C021DF00A8C89D /* SettingsViewController.swift in Sources */ = {isa = PBXBuildFile; fileRef = 2D22AA3026C021DF00A8C89D /* SettingsViewController.swift */; };
		2D22AA3326C021EC00A8C89D /* ListViewController.swift in Sources */ = {isa = PBXBuildFile; fileRef = 2D22AA3226C021EC00A8C89D /* ListViewController.swift */; };
		2D22AA3526C021FA00A8C89D /* SearchViewController.swift in Sources */ = {isa = PBXBuildFile; fileRef = 2D22AA3426C021FA00A8C89D /* SearchViewController.swift */; };
		2D22AA3726C0220B00A8C89D /* SearchResultViewController.swift in Sources */ = {isa = PBXBuildFile; fileRef = 2D22AA3626C0220B00A8C89D /* SearchResultViewController.swift */; };
		2D22AA3926C0222D00A8C89D /* PostEditorViewController.swift in Sources */ = {isa = PBXBuildFile; fileRef = 2D22AA3826C0222D00A8C89D /* PostEditorViewController.swift */; };
		2D22AA3B26C0224B00A8C89D /* PublishPostViewController.swift in Sources */ = {isa = PBXBuildFile; fileRef = 2D22AA3A26C0224B00A8C89D /* PublishPostViewController.swift */; };
		2D22AA3D26C0286100A8C89D /* GoogleService-Info.plist in Resources */ = {isa = PBXBuildFile; fileRef = 2D22AA3C26C0286100A8C89D /* GoogleService-Info.plist */; };
		2D22AA4126C02B1B00A8C89D /* DatabaseManager.swift in Sources */ = {isa = PBXBuildFile; fileRef = 2D22AA4026C02B1B00A8C89D /* DatabaseManager.swift */; };
		2D22AA4326C02C1500A8C89D /* AuthManager.swift in Sources */ = {isa = PBXBuildFile; fileRef = 2D22AA4226C02C1500A8C89D /* AuthManager.swift */; };
		2D22AA4526C02C3A00A8C89D /* StorageManager.swift in Sources */ = {isa = PBXBuildFile; fileRef = 2D22AA4426C02C3A00A8C89D /* StorageManager.swift */; };
		2D22AA4726C02F2500A8C89D /* Extensions.swift in Sources */ = {isa = PBXBuildFile; fileRef = 2D22AA4626C02F2500A8C89D /* Extensions.swift */; };
		9934F8A0BB0CDF8552D07BB9 /* Pods_InstaClone.framework in Frameworks */ = {isa = PBXBuildFile; fileRef = 50D11E03B6406D7998174496 /* Pods_InstaClone.framework */; };
/* End PBXBuildFile section */

/* Begin PBXFileReference section */
		22761578BCD4ADE79C652081 /* Pods-InstaClone.release.xcconfig */ = {isa = PBXFileReference; includeInIndex = 1; lastKnownFileType = text.xcconfig; name = "Pods-InstaClone.release.xcconfig"; path = "Target Support Files/Pods-InstaClone/Pods-InstaClone.release.xcconfig"; sourceTree = "<group>"; };
		2D22AA0026C01CEA00A8C89D /* InstaClone.app */ = {isa = PBXFileReference; explicitFileType = wrapper.application; includeInIndex = 0; path = InstaClone.app; sourceTree = BUILT_PRODUCTS_DIR; };
		2D22AA0326C01CEA00A8C89D /* AppDelegate.swift */ = {isa = PBXFileReference; lastKnownFileType = sourcecode.swift; path = AppDelegate.swift; sourceTree = "<group>"; };
		2D22AA0526C01CEA00A8C89D /* SceneDelegate.swift */ = {isa = PBXFileReference; lastKnownFileType = sourcecode.swift; path = SceneDelegate.swift; sourceTree = "<group>"; };
		2D22AA0726C01CEA00A8C89D /* HomeViewController.swift */ = {isa = PBXFileReference; lastKnownFileType = sourcecode.swift; path = HomeViewController.swift; sourceTree = "<group>"; };
		2D22AA0A26C01CEA00A8C89D /* Base */ = {isa = PBXFileReference; lastKnownFileType = file.storyboard; name = Base; path = Base.lproj/Main.storyboard; sourceTree = "<group>"; };
		2D22AA0C26C01CF300A8C89D /* Assets.xcassets */ = {isa = PBXFileReference; lastKnownFileType = folder.assetcatalog; path = Assets.xcassets; sourceTree = "<group>"; };
		2D22AA0F26C01CF300A8C89D /* Base */ = {isa = PBXFileReference; lastKnownFileType = file.storyboard; name = Base; path = Base.lproj/LaunchScreen.storyboard; sourceTree = "<group>"; };
		2D22AA1126C01CF300A8C89D /* Info.plist */ = {isa = PBXFileReference; lastKnownFileType = text.plist.xml; path = Info.plist; sourceTree = "<group>"; };
		2D22AA1D26C01DFA00A8C89D /* ExploreViewController.swift */ = {isa = PBXFileReference; lastKnownFileType = sourcecode.swift; path = ExploreViewController.swift; sourceTree = "<group>"; };
		2D22AA1F26C01E1700A8C89D /* CameraViewController.swift */ = {isa = PBXFileReference; lastKnownFileType = sourcecode.swift; path = CameraViewController.swift; sourceTree = "<group>"; };
		2D22AA2126C01E3000A8C89D /* NotificationsViewController.swift */ = {isa = PBXFileReference; lastKnownFileType = sourcecode.swift; path = NotificationsViewController.swift; sourceTree = "<group>"; };
		2D22AA2326C01E4300A8C89D /* ProfileViewController.swift */ = {isa = PBXFileReference; lastKnownFileType = sourcecode.swift; path = ProfileViewController.swift; sourceTree = "<group>"; };
		2D22AA2826C01ED500A8C89D /* LoginViewController.swift */ = {isa = PBXFileReference; lastKnownFileType = sourcecode.swift; path = LoginViewController.swift; sourceTree = "<group>"; };
		2D22AA2A26C01EE000A8C89D /* RegistratonViewController.swift */ = {isa = PBXFileReference; lastKnownFileType = sourcecode.swift; path = RegistratonViewController.swift; sourceTree = "<group>"; };
		2D22AA2E26C021D300A8C89D /* EditProfileViewController.swift */ = {isa = PBXFileReference; lastKnownFileType = sourcecode.swift; path = EditProfileViewController.swift; sourceTree = "<group>"; };
		2D22AA3026C021DF00A8C89D /* SettingsViewController.swift */ = {isa = PBXFileReference; lastKnownFileType = sourcecode.swift; path = SettingsViewController.swift; sourceTree = "<group>"; };
		2D22AA3226C021EC00A8C89D /* ListViewController.swift */ = {isa = PBXFileReference; lastKnownFileType = sourcecode.swift; path = ListViewController.swift; sourceTree = "<group>"; };
		2D22AA3426C021FA00A8C89D /* SearchViewController.swift */ = {isa = PBXFileReference; lastKnownFileType = sourcecode.swift; path = SearchViewController.swift; sourceTree = "<group>"; };
		2D22AA3626C0220B00A8C89D /* SearchResultViewController.swift */ = {isa = PBXFileReference; lastKnownFileType = sourcecode.swift; path = SearchResultViewController.swift; sourceTree = "<group>"; };
		2D22AA3826C0222D00A8C89D /* PostEditorViewController.swift */ = {isa = PBXFileReference; lastKnownFileType = sourcecode.swift; path = PostEditorViewController.swift; sourceTree = "<group>"; };
		2D22AA3A26C0224B00A8C89D /* PublishPostViewController.swift */ = {isa = PBXFileReference; lastKnownFileType = sourcecode.swift; path = PublishPostViewController.swift; sourceTree = "<group>"; };
		2D22AA3C26C0286100A8C89D /* GoogleService-Info.plist */ = {isa = PBXFileReference; fileEncoding = 4; lastKnownFileType = text.plist.xml; path = "GoogleService-Info.plist"; sourceTree = "<group>"; };
		2D22AA3F26C02A6A00A8C89D /* PostViewController.swift */ = {isa = PBXFileReference; lastKnownFileType = sourcecode.swift; path = PostViewController.swift; sourceTree = "<group>"; };
		2D22AA4026C02B1B00A8C89D /* DatabaseManager.swift */ = {isa = PBXFileReference; lastKnownFileType = sourcecode.swift; path = DatabaseManager.swift; sourceTree = "<group>"; };
		2D22AA4226C02C1500A8C89D /* AuthManager.swift */ = {isa = PBXFileReference; lastKnownFileType = sourcecode.swift; path = AuthManager.swift; sourceTree = "<group>"; };
		2D22AA4426C02C3A00A8C89D /* StorageManager.swift */ = {isa = PBXFileReference; lastKnownFileType = sourcecode.swift; path = StorageManager.swift; sourceTree = "<group>"; };
		2D22AA4626C02F2500A8C89D /* Extensions.swift */ = {isa = PBXFileReference; lastKnownFileType = sourcecode.swift; path = Extensions.swift; sourceTree = "<group>"; };
		50D11E03B6406D7998174496 /* Pods_InstaClone.framework */ = {isa = PBXFileReference; explicitFileType = wrapper.framework; includeInIndex = 0; path = Pods_InstaClone.framework; sourceTree = BUILT_PRODUCTS_DIR; };
		F247FFCF5DD3F244E2931922 /* Pods-InstaClone.debug.xcconfig */ = {isa = PBXFileReference; includeInIndex = 1; lastKnownFileType = text.xcconfig; name = "Pods-InstaClone.debug.xcconfig"; path = "Target Support Files/Pods-InstaClone/Pods-InstaClone.debug.xcconfig"; sourceTree = "<group>"; };
/* End PBXFileReference section */

/* Begin PBXFrameworksBuildPhase section */
		2D22A9FD26C01CEA00A8C89D /* Frameworks */ = {
			isa = PBXFrameworksBuildPhase;
			buildActionMask = 2147483647;
			files = (
				9934F8A0BB0CDF8552D07BB9 /* Pods_InstaClone.framework in Frameworks */,
			);
			runOnlyForDeploymentPostprocessing = 0;
		};
/* End PBXFrameworksBuildPhase section */

/* Begin PBXGroup section */
		1B608764ED68FC44E6815F42 /* Frameworks */ = {
			isa = PBXGroup;
			children = (
				50D11E03B6406D7998174496 /* Pods_InstaClone.framework */,
			);
			name = Frameworks;
			sourceTree = "<group>";
		};
		2D22A9F726C01CE900A8C89D = {
			isa = PBXGroup;
			children = (
				2D22AA0226C01CEA00A8C89D /* InstaClone */,
				2D22AA0126C01CEA00A8C89D /* Products */,
				A2DCE33EBA9B94B45627350F /* Pods */,
				1B608764ED68FC44E6815F42 /* Frameworks */,
			);
			sourceTree = "<group>";
		};
		2D22AA0126C01CEA00A8C89D /* Products */ = {
			isa = PBXGroup;
			children = (
				2D22AA0026C01CEA00A8C89D /* InstaClone.app */,
			);
			name = Products;
			sourceTree = "<group>";
		};
		2D22AA0226C01CEA00A8C89D /* InstaClone */ = {
			isa = PBXGroup;
			children = (
				2D22AA1B26C01D5500A8C89D /* Resources */,
				2D22AA1A26C01D4500A8C89D /* Models */,
				2D22AA1926C01D3A00A8C89D /* Views */,
				2D22AA1726C01D2900A8C89D /* Controllers */,
				2D22AA1126C01CF300A8C89D /* Info.plist */,
			);
			path = InstaClone;
			sourceTree = "<group>";
		};
		2D22AA1726C01D2900A8C89D /* Controllers */ = {
			isa = PBXGroup;
			children = (
				2D22AA2626C01EBB00A8C89D /* Other */,
				2D22AA2526C01E9300A8C89D /* Core Tabs */,
			);
			path = Controllers;
			sourceTree = "<group>";
		};
		2D22AA1926C01D3A00A8C89D /* Views */ = {
			isa = PBXGroup;
			children = (
				2D22AA1C26C01D9700A8C89D /* Storyboards */,
				2D22AA0C26C01CF300A8C89D /* Assets.xcassets */,
			);
			path = Views;
			sourceTree = "<group>";
		};
		2D22AA1A26C01D4500A8C89D /* Models */ = {
			isa = PBXGroup;
			children = (
			);
			path = Models;
			sourceTree = "<group>";
		};
		2D22AA1B26C01D5500A8C89D /* Resources */ = {
			isa = PBXGroup;
			children = (
				2D22AA3C26C0286100A8C89D /* GoogleService-Info.plist */,
				2D22AA0326C01CEA00A8C89D /* AppDelegate.swift */,
				2D22AA0526C01CEA00A8C89D /* SceneDelegate.swift */,
				2D22AA4026C02B1B00A8C89D /* DatabaseManager.swift */,
				2D22AA4226C02C1500A8C89D /* AuthManager.swift */,
				2D22AA4426C02C3A00A8C89D /* StorageManager.swift */,
				2D22AA4626C02F2500A8C89D /* Extensions.swift */,
			);
			path = Resources;
			sourceTree = "<group>";
		};
		2D22AA1C26C01D9700A8C89D /* Storyboards */ = {
			isa = PBXGroup;
			children = (
				2D22AA0926C01CEA00A8C89D /* Main.storyboard */,
				2D22AA0E26C01CF300A8C89D /* LaunchScreen.storyboard */,
			);
			path = Storyboards;
			sourceTree = "<group>";
		};
		2D22AA2526C01E9300A8C89D /* Core Tabs */ = {
			isa = PBXGroup;
			children = (
				2D22AA0726C01CEA00A8C89D /* HomeViewController.swift */,
				2D22AA1D26C01DFA00A8C89D /* ExploreViewController.swift */,
				2D22AA1F26C01E1700A8C89D /* CameraViewController.swift */,
				2D22AA2126C01E3000A8C89D /* NotificationsViewController.swift */,
				2D22AA2326C01E4300A8C89D /* ProfileViewController.swift */,
			);
			path = "Core Tabs";
			sourceTree = "<group>";
		};
		2D22AA2626C01EBB00A8C89D /* Other */ = {
			isa = PBXGroup;
			children = (
				2D22AA2726C01EC100A8C89D /* Onboarding */,
				2D22AA3E26C02A6500A8C89D /* General */,
			);
			path = Other;
			sourceTree = "<group>";
		};
		2D22AA2726C01EC100A8C89D /* Onboarding */ = {
			isa = PBXGroup;
			children = (
				2D22AA2826C01ED500A8C89D /* LoginViewController.swift */,
				2D22AA2A26C01EE000A8C89D /* RegistratonViewController.swift */,
			);
			path = Onboarding;
			sourceTree = "<group>";
		};
		2D22AA3E26C02A6500A8C89D /* General */ = {
			isa = PBXGroup;
			children = (
				2D22AA3F26C02A6A00A8C89D /* PostViewController.swift */,
				2D22AA2E26C021D300A8C89D /* EditProfileViewController.swift */,
				2D22AA3026C021DF00A8C89D /* SettingsViewController.swift */,
				2D22AA3226C021EC00A8C89D /* ListViewController.swift */,
				2D22AA3426C021FA00A8C89D /* SearchViewController.swift */,
				2D22AA3626C0220B00A8C89D /* SearchResultViewController.swift */,
				2D22AA3826C0222D00A8C89D /* PostEditorViewController.swift */,
				2D22AA3A26C0224B00A8C89D /* PublishPostViewController.swift */,
			);
			path = General;
			sourceTree = "<group>";
		};
		A2DCE33EBA9B94B45627350F /* Pods */ = {
			isa = PBXGroup;
			children = (
				F247FFCF5DD3F244E2931922 /* Pods-InstaClone.debug.xcconfig */,
				22761578BCD4ADE79C652081 /* Pods-InstaClone.release.xcconfig */,
			);
			path = Pods;
			sourceTree = "<group>";
		};
/* End PBXGroup section */

/* Begin PBXNativeTarget section */
		2D22A9FF26C01CEA00A8C89D /* InstaClone */ = {
			isa = PBXNativeTarget;
			buildConfigurationList = 2D22AA1426C01CF300A8C89D /* Build configuration list for PBXNativeTarget "InstaClone" */;
			buildPhases = (
				457E675E16418F35BA255BD5 /* [CP] Check Pods Manifest.lock */,
				2D22A9FC26C01CEA00A8C89D /* Sources */,
				2D22A9FD26C01CEA00A8C89D /* Frameworks */,
				2D22A9FE26C01CEA00A8C89D /* Resources */,
				0DC4A5BD52A212F737543E49 /* [CP] Embed Pods Frameworks */,
			);
			buildRules = (
			);
			dependencies = (
			);
			name = InstaClone;
			productName = InstaClone;
			productReference = 2D22AA0026C01CEA00A8C89D /* InstaClone.app */;
			productType = "com.apple.product-type.application";
		};
/* End PBXNativeTarget section */

/* Begin PBXProject section */
		2D22A9F826C01CE900A8C89D /* Project object */ = {
			isa = PBXProject;
			attributes = {
				LastSwiftUpdateCheck = 1250;
				LastUpgradeCheck = 1250;
				TargetAttributes = {
					2D22A9FF26C01CEA00A8C89D = {
						CreatedOnToolsVersion = 12.5.1;
					};
				};
			};
			buildConfigurationList = 2D22A9FB26C01CE900A8C89D /* Build configuration list for PBXProject "InstaClone" */;
			compatibilityVersion = "Xcode 9.3";
			developmentRegion = en;
			hasScannedForEncodings = 0;
			knownRegions = (
				en,
				Base,
			);
			mainGroup = 2D22A9F726C01CE900A8C89D;
			productRefGroup = 2D22AA0126C01CEA00A8C89D /* Products */;
			projectDirPath = "";
			projectRoot = "";
			targets = (
				2D22A9FF26C01CEA00A8C89D /* InstaClone */,
			);
		};
/* End PBXProject section */

/* Begin PBXResourcesBuildPhase section */
		2D22A9FE26C01CEA00A8C89D /* Resources */ = {
			isa = PBXResourcesBuildPhase;
			buildActionMask = 2147483647;
			files = (
				2D22AA1026C01CF300A8C89D /* LaunchScreen.storyboard in Resources */,
				2D22AA3D26C0286100A8C89D /* GoogleService-Info.plist in Resources */,
				2D22AA0D26C01CF300A8C89D /* Assets.xcassets in Resources */,
				2D22AA0B26C01CEA00A8C89D /* Main.storyboard in Resources */,
			);
			runOnlyForDeploymentPostprocessing = 0;
		};
/* End PBXResourcesBuildPhase section */

/* Begin PBXShellScriptBuildPhase section */
		0DC4A5BD52A212F737543E49 /* [CP] Embed Pods Frameworks */ = {
			isa = PBXShellScriptBuildPhase;
			buildActionMask = 2147483647;
			files = (
			);
			inputFileListPaths = (
				"${PODS_ROOT}/Target Support Files/Pods-InstaClone/Pods-InstaClone-frameworks-${CONFIGURATION}-input-files.xcfilelist",
			);
			name = "[CP] Embed Pods Frameworks";
			outputFileListPaths = (
				"${PODS_ROOT}/Target Support Files/Pods-InstaClone/Pods-InstaClone-frameworks-${CONFIGURATION}-output-files.xcfilelist",
			);
			runOnlyForDeploymentPostprocessing = 0;
			shellPath = /bin/sh;
			shellScript = "\"${PODS_ROOT}/Target Support Files/Pods-InstaClone/Pods-InstaClone-frameworks.sh\"\n";
			showEnvVarsInLog = 0;
		};
		457E675E16418F35BA255BD5 /* [CP] Check Pods Manifest.lock */ = {
			isa = PBXShellScriptBuildPhase;
			buildActionMask = 2147483647;
			files = (
			);
			inputFileListPaths = (
			);
			inputPaths = (
				"${PODS_PODFILE_DIR_PATH}/Podfile.lock",
				"${PODS_ROOT}/Manifest.lock",
			);
			name = "[CP] Check Pods Manifest.lock";
			outputFileListPaths = (
			);
			outputPaths = (
				"$(DERIVED_FILE_DIR)/Pods-InstaClone-checkManifestLockResult.txt",
			);
			runOnlyForDeploymentPostprocessing = 0;
			shellPath = /bin/sh;
			shellScript = "diff \"${PODS_PODFILE_DIR_PATH}/Podfile.lock\" \"${PODS_ROOT}/Manifest.lock\" > /dev/null\nif [ $? != 0 ] ; then\n    # print error to STDERR\n    echo \"error: The sandbox is not in sync with the Podfile.lock. Run 'pod install' or update your CocoaPods installation.\" >&2\n    exit 1\nfi\n# This output is used by Xcode 'outputs' to avoid re-running this script phase.\necho \"SUCCESS\" > \"${SCRIPT_OUTPUT_FILE_0}\"\n";
			showEnvVarsInLog = 0;
		};
/* End PBXShellScriptBuildPhase section */

/* Begin PBXSourcesBuildPhase section */
		2D22A9FC26C01CEA00A8C89D /* Sources */ = {
			isa = PBXSourcesBuildPhase;
			buildActionMask = 2147483647;
			files = (
				2D22AA2F26C021D300A8C89D /* EditProfileViewController.swift in Sources */,
				2D22AA4326C02C1500A8C89D /* AuthManager.swift in Sources */,
				2D22AA1E26C01DFA00A8C89D /* ExploreViewController.swift in Sources */,
				2D22AA3B26C0224B00A8C89D /* PublishPostViewController.swift in Sources */,
				2D22AA2B26C01EE000A8C89D /* RegistratonViewController.swift in Sources */,
				2D22AA4126C02B1B00A8C89D /* DatabaseManager.swift in Sources */,
				2D22AA2026C01E1700A8C89D /* CameraViewController.swift in Sources */,
				2D22AA0826C01CEA00A8C89D /* HomeViewController.swift in Sources */,
				2D22AA3926C0222D00A8C89D /* PostEditorViewController.swift in Sources */,
				2D22AA4526C02C3A00A8C89D /* StorageManager.swift in Sources */,
				2D22AA2226C01E3000A8C89D /* NotificationsViewController.swift in Sources */,
				2D22AA3726C0220B00A8C89D /* SearchResultViewController.swift in Sources */,
				2D22AA2926C01ED500A8C89D /* LoginViewController.swift in Sources */,
				2D22AA3526C021FA00A8C89D /* SearchViewController.swift in Sources */,
				2D22AA2426C01E4300A8C89D /* ProfileViewController.swift in Sources */,
				2D22AA4726C02F2500A8C89D /* Extensions.swift in Sources */,
				2D22AA0426C01CEA00A8C89D /* AppDelegate.swift in Sources */,
				2D22AA0626C01CEA00A8C89D /* SceneDelegate.swift in Sources */,
				2D22AA3326C021EC00A8C89D /* ListViewController.swift in Sources */,
				2D22AA3126C021DF00A8C89D /* SettingsViewController.swift in Sources */,
			);
			runOnlyForDeploymentPostprocessing = 0;
		};
/* End PBXSourcesBuildPhase section */

/* Begin PBXVariantGroup section */
		2D22AA0926C01CEA00A8C89D /* Main.storyboard */ = {
			isa = PBXVariantGroup;
			children = (
				2D22AA0A26C01CEA00A8C89D /* Base */,
			);
			name = Main.storyboard;
			sourceTree = "<group>";
		};
		2D22AA0E26C01CF300A8C89D /* LaunchScreen.storyboard */ = {
			isa = PBXVariantGroup;
			children = (
				2D22AA0F26C01CF300A8C89D /* Base */,
			);
			name = LaunchScreen.storyboard;
			sourceTree = "<group>";
		};
/* End PBXVariantGroup section */

/* Begin XCBuildConfiguration section */
		2D22AA1226C01CF300A8C89D /* Debug */ = {
			isa = XCBuildConfiguration;
			buildSettings = {
				ALWAYS_SEARCH_USER_PATHS = NO;
				CLANG_ANALYZER_NONNULL = YES;
				CLANG_ANALYZER_NUMBER_OBJECT_CONVERSION = YES_AGGRESSIVE;
				CLANG_CXX_LANGUAGE_STANDARD = "gnu++14";
				CLANG_CXX_LIBRARY = "libc++";
				CLANG_ENABLE_MODULES = YES;
				CLANG_ENABLE_OBJC_ARC = YES;
				CLANG_ENABLE_OBJC_WEAK = YES;
				CLANG_WARN_BLOCK_CAPTURE_AUTORELEASING = YES;
				CLANG_WARN_BOOL_CONVERSION = YES;
				CLANG_WARN_COMMA = YES;
				CLANG_WARN_CONSTANT_CONVERSION = YES;
				CLANG_WARN_DEPRECATED_OBJC_IMPLEMENTATIONS = YES;
				CLANG_WARN_DIRECT_OBJC_ISA_USAGE = YES_ERROR;
				CLANG_WARN_DOCUMENTATION_COMMENTS = YES;
				CLANG_WARN_EMPTY_BODY = YES;
				CLANG_WARN_ENUM_CONVERSION = YES;
				CLANG_WARN_INFINITE_RECURSION = YES;
				CLANG_WARN_INT_CONVERSION = YES;
				CLANG_WARN_NON_LITERAL_NULL_CONVERSION = YES;
				CLANG_WARN_OBJC_IMPLICIT_RETAIN_SELF = YES;
				CLANG_WARN_OBJC_LITERAL_CONVERSION = YES;
				CLANG_WARN_OBJC_ROOT_CLASS = YES_ERROR;
				CLANG_WARN_QUOTED_INCLUDE_IN_FRAMEWORK_HEADER = YES;
				CLANG_WARN_RANGE_LOOP_ANALYSIS = YES;
				CLANG_WARN_STRICT_PROTOTYPES = YES;
				CLANG_WARN_SUSPICIOUS_MOVE = YES;
				CLANG_WARN_UNGUARDED_AVAILABILITY = YES_AGGRESSIVE;
				CLANG_WARN_UNREACHABLE_CODE = YES;
				CLANG_WARN__DUPLICATE_METHOD_MATCH = YES;
				COPY_PHASE_STRIP = NO;
				DEBUG_INFORMATION_FORMAT = dwarf;
				ENABLE_STRICT_OBJC_MSGSEND = YES;
				ENABLE_TESTABILITY = YES;
				GCC_C_LANGUAGE_STANDARD = gnu11;
				GCC_DYNAMIC_NO_PIC = NO;
				GCC_NO_COMMON_BLOCKS = YES;
				GCC_OPTIMIZATION_LEVEL = 0;
				GCC_PREPROCESSOR_DEFINITIONS = (
					"DEBUG=1",
					"$(inherited)",
				);
				GCC_WARN_64_TO_32_BIT_CONVERSION = YES;
				GCC_WARN_ABOUT_RETURN_TYPE = YES_ERROR;
				GCC_WARN_UNDECLARED_SELECTOR = YES;
				GCC_WARN_UNINITIALIZED_AUTOS = YES_AGGRESSIVE;
				GCC_WARN_UNUSED_FUNCTION = YES;
				GCC_WARN_UNUSED_VARIABLE = YES;
				IPHONEOS_DEPLOYMENT_TARGET = 14.5;
				MTL_ENABLE_DEBUG_INFO = INCLUDE_SOURCE;
				MTL_FAST_MATH = YES;
				ONLY_ACTIVE_ARCH = YES;
				SDKROOT = iphoneos;
				SWIFT_ACTIVE_COMPILATION_CONDITIONS = DEBUG;
				SWIFT_OPTIMIZATION_LEVEL = "-Onone";
			};
			name = Debug;
		};
		2D22AA1326C01CF300A8C89D /* Release */ = {
			isa = XCBuildConfiguration;
			buildSettings = {
				ALWAYS_SEARCH_USER_PATHS = NO;
				CLANG_ANALYZER_NONNULL = YES;
				CLANG_ANALYZER_NUMBER_OBJECT_CONVERSION = YES_AGGRESSIVE;
				CLANG_CXX_LANGUAGE_STANDARD = "gnu++14";
				CLANG_CXX_LIBRARY = "libc++";
				CLANG_ENABLE_MODULES = YES;
				CLANG_ENABLE_OBJC_ARC = YES;
				CLANG_ENABLE_OBJC_WEAK = YES;
				CLANG_WARN_BLOCK_CAPTURE_AUTORELEASING = YES;
				CLANG_WARN_BOOL_CONVERSION = YES;
				CLANG_WARN_COMMA = YES;
				CLANG_WARN_CONSTANT_CONVERSION = YES;
				CLANG_WARN_DEPRECATED_OBJC_IMPLEMENTATIONS = YES;
				CLANG_WARN_DIRECT_OBJC_ISA_USAGE = YES_ERROR;
				CLANG_WARN_DOCUMENTATION_COMMENTS = YES;
				CLANG_WARN_EMPTY_BODY = YES;
				CLANG_WARN_ENUM_CONVERSION = YES;
				CLANG_WARN_INFINITE_RECURSION = YES;
				CLANG_WARN_INT_CONVERSION = YES;
				CLANG_WARN_NON_LITERAL_NULL_CONVERSION = YES;
				CLANG_WARN_OBJC_IMPLICIT_RETAIN_SELF = YES;
				CLANG_WARN_OBJC_LITERAL_CONVERSION = YES;
				CLANG_WARN_OBJC_ROOT_CLASS = YES_ERROR;
				CLANG_WARN_QUOTED_INCLUDE_IN_FRAMEWORK_HEADER = YES;
				CLANG_WARN_RANGE_LOOP_ANALYSIS = YES;
				CLANG_WARN_STRICT_PROTOTYPES = YES;
				CLANG_WARN_SUSPICIOUS_MOVE = YES;
				CLANG_WARN_UNGUARDED_AVAILABILITY = YES_AGGRESSIVE;
				CLANG_WARN_UNREACHABLE_CODE = YES;
				CLANG_WARN__DUPLICATE_METHOD_MATCH = YES;
				COPY_PHASE_STRIP = NO;
				DEBUG_INFORMATION_FORMAT = "dwarf-with-dsym";
				ENABLE_NS_ASSERTIONS = NO;
				ENABLE_STRICT_OBJC_MSGSEND = YES;
				GCC_C_LANGUAGE_STANDARD = gnu11;
				GCC_NO_COMMON_BLOCKS = YES;
				GCC_WARN_64_TO_32_BIT_CONVERSION = YES;
				GCC_WARN_ABOUT_RETURN_TYPE = YES_ERROR;
				GCC_WARN_UNDECLARED_SELECTOR = YES;
				GCC_WARN_UNINITIALIZED_AUTOS = YES_AGGRESSIVE;
				GCC_WARN_UNUSED_FUNCTION = YES;
				GCC_WARN_UNUSED_VARIABLE = YES;
				IPHONEOS_DEPLOYMENT_TARGET = 14.5;
				MTL_ENABLE_DEBUG_INFO = NO;
				MTL_FAST_MATH = YES;
				SDKROOT = iphoneos;
				SWIFT_COMPILATION_MODE = wholemodule;
				SWIFT_OPTIMIZATION_LEVEL = "-O";
				VALIDATE_PRODUCT = YES;
			};
			name = Release;
		};
		2D22AA1526C01CF300A8C89D /* Debug */ = {
			isa = XCBuildConfiguration;
			baseConfigurationReference = F247FFCF5DD3F244E2931922 /* Pods-InstaClone.debug.xcconfig */;
			buildSettings = {
				ASSETCATALOG_COMPILER_APPICON_NAME = AppIcon;
				ASSETCATALOG_COMPILER_GLOBAL_ACCENT_COLOR_NAME = AccentColor;
				CODE_SIGN_STYLE = Automatic;
				INFOPLIST_FILE = InstaClone/Info.plist;
				IPHONEOS_DEPLOYMENT_TARGET = 13.0;
				LD_RUNPATH_SEARCH_PATHS = (
					"$(inherited)",
					"@executable_path/Frameworks",
				);
				PRODUCT_BUNDLE_IDENTIFIER = com.sarthak.InstaClone;
				PRODUCT_NAME = "$(TARGET_NAME)";
				SWIFT_VERSION = 5.0;
				TARGETED_DEVICE_FAMILY = "1,2";
			};
			name = Debug;
		};
		2D22AA1626C01CF300A8C89D /* Release */ = {
			isa = XCBuildConfiguration;
			baseConfigurationReference = 22761578BCD4ADE79C652081 /* Pods-InstaClone.release.xcconfig */;
			buildSettings = {
				ASSETCATALOG_COMPILER_APPICON_NAME = AppIcon;
				ASSETCATALOG_COMPILER_GLOBAL_ACCENT_COLOR_NAME = AccentColor;
				CODE_SIGN_STYLE = Automatic;
				INFOPLIST_FILE = InstaClone/Info.plist;
				IPHONEOS_DEPLOYMENT_TARGET = 13.0;
				LD_RUNPATH_SEARCH_PATHS = (
					"$(inherited)",
					"@executable_path/Frameworks",
				);
				PRODUCT_BUNDLE_IDENTIFIER = com.sarthak.InstaClone;
				PRODUCT_NAME = "$(TARGET_NAME)";
				SWIFT_VERSION = 5.0;
				TARGETED_DEVICE_FAMILY = "1,2";
			};
			name = Release;
		};
/* End XCBuildConfiguration section */

/* Begin XCConfigurationList section */
		2D22A9FB26C01CE900A8C89D /* Build configuration list for PBXProject "InstaClone" */ = {
			isa = XCConfigurationList;
			buildConfigurations = (
				2D22AA1226C01CF300A8C89D /* Debug */,
				2D22AA1326C01CF300A8C89D /* Release */,
			);
			defaultConfigurationIsVisible = 0;
			defaultConfigurationName = Release;
		};
		2D22AA1426C01CF300A8C89D /* Build configuration list for PBXNativeTarget "InstaClone" */ = {
			isa = XCConfigurationList;
			buildConfigurations = (
				2D22AA1526C01CF300A8C89D /* Debug */,
				2D22AA1626C01CF300A8C89D /* Release */,
			);
			defaultConfigurationIsVisible = 0;
			defaultConfigurationName = Release;
		};
/* End XCConfigurationList section */
	};
	rootObject = 2D22A9F826C01CE900A8C89D /* Project object */;
}
